// !$*UTF8*$!
{
	archiveVersion = 1;
	classes = {
	};
	objectVersion = 51;
	objects = {

/* Begin PBXBuildFile section */
		E62D51E7E07040713F6B1B6D /* Pods_loginDemo.framework in Frameworks */ = {isa = PBXBuildFile; fileRef = 6023D2B9DD49F898A4A2DD2D /* Pods_loginDemo.framework */; };
		F645E03F22CC940200AA3F70 /* AppDelegate.swift in Sources */ = {isa = PBXBuildFile; fileRef = F645E03E22CC940200AA3F70 /* AppDelegate.swift */; };
		F645E04122CC940200AA3F70 /* ViewController.swift in Sources */ = {isa = PBXBuildFile; fileRef = F645E04022CC940200AA3F70 /* ViewController.swift */; };
		F645E04422CC940200AA3F70 /* Main.storyboard in Resources */ = {isa = PBXBuildFile; fileRef = F645E04222CC940200AA3F70 /* Main.storyboard */; };
		F645E04622CC940200AA3F70 /* Assets.xcassets in Resources */ = {isa = PBXBuildFile; fileRef = F645E04522CC940200AA3F70 /* Assets.xcassets */; };
		F645E04922CC940200AA3F70 /* LaunchScreen.storyboard in Resources */ = {isa = PBXBuildFile; fileRef = F645E04722CC940200AA3F70 /* LaunchScreen.storyboard */; };
/* End PBXBuildFile section */

/* Begin PBXFileReference section */
		342D797691DEF5B6B5A3B314 /* Pods-loginDemo.release.xcconfig */ = {isa = PBXFileReference; includeInIndex = 1; lastKnownFileType = text.xcconfig; name = "Pods-loginDemo.release.xcconfig"; path = "Target Support Files/Pods-loginDemo/Pods-loginDemo.release.xcconfig"; sourceTree = "<group>"; };
		6023D2B9DD49F898A4A2DD2D /* Pods_loginDemo.framework */ = {isa = PBXFileReference; explicitFileType = wrapper.framework; includeInIndex = 0; path = Pods_loginDemo.framework; sourceTree = BUILT_PRODUCTS_DIR; };
		D380CC9B6DEDD24EF7AD57D1 /* Pods-loginDemo.debug.xcconfig */ = {isa = PBXFileReference; includeInIndex = 1; lastKnownFileType = text.xcconfig; name = "Pods-loginDemo.debug.xcconfig"; path = "Target Support Files/Pods-loginDemo/Pods-loginDemo.debug.xcconfig"; sourceTree = "<group>"; };
		F645E03B22CC940100AA3F70 /* loginDemo.app */ = {isa = PBXFileReference; explicitFileType = wrapper.application; includeInIndex = 0; path = loginDemo.app; sourceTree = BUILT_PRODUCTS_DIR; };
		F645E03E22CC940200AA3F70 /* AppDelegate.swift */ = {isa = PBXFileReference; lastKnownFileType = sourcecode.swift; path = AppDelegate.swift; sourceTree = "<group>"; };
		F645E04022CC940200AA3F70 /* ViewController.swift */ = {isa = PBXFileReference; lastKnownFileType = sourcecode.swift; path = ViewController.swift; sourceTree = "<group>"; };
		F645E04322CC940200AA3F70 /* Base */ = {isa = PBXFileReference; lastKnownFileType = file.storyboard; name = Base; path = Base.lproj/Main.storyboard; sourceTree = "<group>"; };
		F645E04522CC940200AA3F70 /* Assets.xcassets */ = {isa = PBXFileReference; lastKnownFileType = folder.assetcatalog; path = Assets.xcassets; sourceTree = "<group>"; };
		F645E04822CC940200AA3F70 /* Base */ = {isa = PBXFileReference; lastKnownFileType = file.storyboard; name = Base; path = Base.lproj/LaunchScreen.storyboard; sourceTree = "<group>"; };
		F645E04A22CC940200AA3F70 /* Info.plist */ = {isa = PBXFileReference; lastKnownFileType = text.plist.xml; path = Info.plist; sourceTree = "<group>"; };
/* End PBXFileReference section */

/* Begin PBXFrameworksBuildPhase section */
		F645E03822CC940100AA3F70 /* Frameworks */ = {
			isa = PBXFrameworksBuildPhase;
			buildActionMask = 2147483647;
			files = (
				E62D51E7E07040713F6B1B6D /* Pods_loginDemo.framework in Frameworks */,
			);
			runOnlyForDeploymentPostprocessing = 0;
		};
/* End PBXFrameworksBuildPhase section */

/* Begin PBXGroup section */
		03C04901E6A982A87AFB9C54 /* Pods */ = {
			isa = PBXGroup;
			children = (
				D380CC9B6DEDD24EF7AD57D1 /* Pods-loginDemo.debug.xcconfig */,
				342D797691DEF5B6B5A3B314 /* Pods-loginDemo.release.xcconfig */,
			);
			path = Pods;
			sourceTree = "<group>";
		};
		57BDE054C85E6D2C595F84E4 /* Frameworks */ = {
			isa = PBXGroup;
			children = (
				6023D2B9DD49F898A4A2DD2D /* Pods_loginDemo.framework */,
			);
			name = Frameworks;
			sourceTree = "<group>";
		};
		F645E03222CC940100AA3F70 = {
			isa = PBXGroup;
			children = (
				F645E03D22CC940100AA3F70 /* loginDemo */,
				F645E03C22CC940100AA3F70 /* Products */,
				03C04901E6A982A87AFB9C54 /* Pods */,
				57BDE054C85E6D2C595F84E4 /* Frameworks */,
			);
			sourceTree = "<group>";
		};
		F645E03C22CC940100AA3F70 /* Products */ = {
			isa = PBXGroup;
			children = (
				F645E03B22CC940100AA3F70 /* loginDemo.app */,
			);
			name = Products;
			sourceTree = "<group>";
		};
		F645E03D22CC940100AA3F70 /* loginDemo */ = {
			isa = PBXGroup;
			children = (
				F645E03E22CC940200AA3F70 /* AppDelegate.swift */,
				F645E04022CC940200AA3F70 /* ViewController.swift */,
				F645E04222CC940200AA3F70 /* Main.storyboard */,
				F645E04522CC940200AA3F70 /* Assets.xcassets */,
				F645E04722CC940200AA3F70 /* LaunchScreen.storyboard */,
				F645E04A22CC940200AA3F70 /* Info.plist */,
			);
			path = loginDemo;
			sourceTree = "<group>";
		};
/* End PBXGroup section */

/* Begin PBXNativeTarget section */
		F645E03A22CC940100AA3F70 /* loginDemo */ = {
			isa = PBXNativeTarget;
			buildConfigurationList = F645E04D22CC940200AA3F70 /* Build configuration list for PBXNativeTarget "loginDemo" */;
			buildPhases = (
				B9C513D28E48B0EEB9F69C6D /* [CP] Check Pods Manifest.lock */,
				F645E03722CC940100AA3F70 /* Sources */,
				F645E03822CC940100AA3F70 /* Frameworks */,
				F645E03922CC940100AA3F70 /* Resources */,
				31A6F21A582DFFB28AE79C20 /* [CP] Embed Pods Frameworks */,
			);
			buildRules = (
			);
			dependencies = (
			);
			name = loginDemo;
			productName = loginDemo;
			productReference = F645E03B22CC940100AA3F70 /* loginDemo.app */;
			productType = "com.apple.product-type.application";
		};
/* End PBXNativeTarget section */

/* Begin PBXProject section */
		F645E03322CC940100AA3F70 /* Project object */ = {
			isa = PBXProject;
			attributes = {
				LastSwiftUpdateCheck = 1010;
				LastUpgradeCheck = 1010;
				ORGANIZATIONNAME = "Nguyen khac vu";
				TargetAttributes = {
					F645E03A22CC940100AA3F70 = {
						CreatedOnToolsVersion = 10.1;
					};
				};
			};
			buildConfigurationList = F645E03622CC940100AA3F70 /* Build configuration list for PBXProject "loginDemo" */;
			compatibilityVersion = "Xcode 9.3";
			developmentRegion = en;
			hasScannedForEncodings = 0;
			knownRegions = (
				en,
				Base,
			);
			mainGroup = F645E03222CC940100AA3F70;
			productRefGroup = F645E03C22CC940100AA3F70 /* Products */;
			projectDirPath = "";
			projectRoot = "";
			targets = (
				F645E03A22CC940100AA3F70 /* loginDemo */,
			);
		};
/* End PBXProject section */

/* Begin PBXResourcesBuildPhase section */
		F645E03922CC940100AA3F70 /* Resources */ = {
			isa = PBXResourcesBuildPhase;
			buildActionMask = 2147483647;
			files = (
				F645E04922CC940200AA3F70 /* LaunchScreen.storyboard in Resources */,
				F645E04622CC940200AA3F70 /* Assets.xcassets in Resources */,
				F645E04422CC940200AA3F70 /* Main.storyboard in Resources */,
			);
			runOnlyForDeploymentPostprocessing = 0;
		};
/* End PBXResourcesBuildPhase section */

/* Begin PBXShellScriptBuildPhase section */
		31A6F21A582DFFB28AE79C20 /* [CP] Embed Pods Frameworks */ = {
			isa = PBXShellScriptBuildPhase;
			buildActionMask = 2147483647;
			files = (
			);
			inputFileListPaths = (
				"${PODS_ROOT}/Target Support Files/Pods-loginDemo/Pods-loginDemo-frameworks-${CONFIGURATION}-input-files.xcfilelist",
			);
			name = "[CP] Embed Pods Frameworks";
			outputFileListPaths = (
				"${PODS_ROOT}/Target Support Files/Pods-loginDemo/Pods-loginDemo-frameworks-${CONFIGURATION}-output-files.xcfilelist",
			);
			runOnlyForDeploymentPostprocessing = 0;
			shellPath = /bin/sh;
			shellScript = "\"${PODS_ROOT}/Target Support Files/Pods-loginDemo/Pods-loginDemo-frameworks.sh\"\n";
			showEnvVarsInLog = 0;
		};
		B9C513D28E48B0EEB9F69C6D /* [CP] Check Pods Manifest.lock */ = {
			isa = PBXShellScriptBuildPhase;
			buildActionMask = 2147483647;
			files = (
			);
			inputFileListPaths = (
			);
			inputPaths = (
				"${PODS_PODFILE_DIR_PATH}/Podfile.lock",
				"${PODS_ROOT}/Manifest.lock",
			);
			name = "[CP] Check Pods Manifest.lock";
			outputFileListPaths = (
			);
			outputPaths = (
				"$(DERIVED_FILE_DIR)/Pods-loginDemo-checkManifestLockResult.txt",
			);
			runOnlyForDeploymentPostprocessing = 0;
			shellPath = /bin/sh;
			shellScript = "diff \"${PODS_PODFILE_DIR_PATH}/Podfile.lock\" \"${PODS_ROOT}/Manifest.lock\" > /dev/null\nif [ $? != 0 ] ; then\n    # print error to STDERR\n    echo \"error: The sandbox is not in sync with the Podfile.lock. Run 'pod install' or update your CocoaPods installation.\" >&2\n    exit 1\nfi\n# This output is used by Xcode 'outputs' to avoid re-running this script phase.\necho \"SUCCESS\" > \"${SCRIPT_OUTPUT_FILE_0}\"\n";
			showEnvVarsInLog = 0;
		};
/* End PBXShellScriptBuildPhase section */

/* Begin PBXSourcesBuildPhase section */
		F645E03722CC940100AA3F70 /* Sources */ = {
			isa = PBXSourcesBuildPhase;
			buildActionMask = 2147483647;
			files = (
				F645E04122CC940200AA3F70 /* ViewController.swift in Sources */,
				F645E03F22CC940200AA3F70 /* AppDelegate.swift in Sources */,
			);
			runOnlyForDeploymentPostprocessing = 0;
		};
/* End PBXSourcesBuildPhase section */

/* Begin PBXVariantGroup section */
		F645E04222CC940200AA3F70 /* Main.storyboard */ = {
			isa = PBXVariantGroup;
			children = (
				F645E04322CC940200AA3F70 /* Base */,
			);
			name = Main.storyboard;
			sourceTree = "<group>";
		};
		F645E04722CC940200AA3F70 /* LaunchScreen.storyboard */ = {
			isa = PBXVariantGroup;
			children = (
				F645E04822CC940200AA3F70 /* Base */,
			);
			name = LaunchScreen.storyboard;
			sourceTree = "<group>";
		};
/* End PBXVariantGroup section */

/* Begin XCBuildConfiguration section */
		F645E04B22CC940200AA3F70 /* Debug */ = {
			isa = XCBuildConfiguration;
			buildSettings = {
				ALWAYS_SEARCH_USER_PATHS = NO;
				CLANG_ANALYZER_NONNULL = YES;
				CLANG_ANALYZER_NUMBER_OBJECT_CONVERSION = YES_AGGRESSIVE;
				CLANG_CXX_LANGUAGE_STANDARD = "gnu++14";
				CLANG_CXX_LIBRARY = "libc++";
				CLANG_ENABLE_MODULES = YES;
				CLANG_ENABLE_OBJC_ARC = YES;
				CLANG_ENABLE_OBJC_WEAK = YES;
				CLANG_WARN_BLOCK_CAPTURE_AUTORELEASING = YES;
				CLANG_WARN_BOOL_CONVERSION = YES;
				CLANG_WARN_COMMA = YES;
				CLANG_WARN_CONSTANT_CONVERSION = YES;
				CLANG_WARN_DEPRECATED_OBJC_IMPLEMENTATIONS = YES;
				CLANG_WARN_DIRECT_OBJC_ISA_USAGE = YES_ERROR;
				CLANG_WARN_DOCUMENTATION_COMMENTS = YES;
				CLANG_WARN_EMPTY_BODY = YES;
				CLANG_WARN_ENUM_CONVERSION = YES;
				CLANG_WARN_INFINITE_RECURSION = YES;
				CLANG_WARN_INT_CONVERSION = YES;
				CLANG_WARN_NON_LITERAL_NULL_CONVERSION = YES;
				CLANG_WARN_OBJC_IMPLICIT_RETAIN_SELF = YES;
				CLANG_WARN_OBJC_LITERAL_CONVERSION = YES;
				CLANG_WARN_OBJC_ROOT_CLASS = YES_ERROR;
				CLANG_WARN_RANGE_LOOP_ANALYSIS = YES;
				CLANG_WARN_STRICT_PROTOTYPES = YES;
				CLANG_WARN_SUSPICIOUS_MOVE = YES;
				CLANG_WARN_UNGUARDED_AVAILABILITY = YES_AGGRESSIVE;
				CLANG_WARN_UNREACHABLE_CODE = YES;
				CLANG_WARN__DUPLICATE_METHOD_MATCH = YES;
				CODE_SIGN_IDENTITY = "iPhone Developer";
				COPY_PHASE_STRIP = NO;
				DEBUG_INFORMATION_FORMAT = dwarf;
				ENABLE_STRICT_OBJC_MSGSEND = YES;
				ENABLE_TESTABILITY = YES;
				GCC_C_LANGUAGE_STANDARD = gnu11;
				GCC_DYNAMIC_NO_PIC = NO;
				GCC_NO_COMMON_BLOCKS = YES;
				GCC_OPTIMIZATION_LEVEL = 0;
				GCC_PREPROCESSOR_DEFINITIONS = (
					"DEBUG=1",
					"$(inherited)",
				);
				GCC_WARN_64_TO_32_BIT_CONVERSION = YES;
				GCC_WARN_ABOUT_RETURN_TYPE = YES_ERROR;
				GCC_WARN_UNDECLARED_SELECTOR = YES;
				GCC_WARN_UNINITIALIZED_AUTOS = YES_AGGRESSIVE;
				GCC_WARN_UNUSED_FUNCTION = YES;
				GCC_WARN_UNUSED_VARIABLE = YES;
				IPHONEOS_DEPLOYMENT_TARGET = 12.1;
				MTL_ENABLE_DEBUG_INFO = INCLUDE_SOURCE;
				MTL_FAST_MATH = YES;
				ONLY_ACTIVE_ARCH = YES;
				SDKROOT = iphoneos;
				SWIFT_ACTIVE_COMPILATION_CONDITIONS = DEBUG;
				SWIFT_OPTIMIZATION_LEVEL = "-Onone";
			};
			name = Debug;
		};
		F645E04C22CC940200AA3F70 /* Release */ = {
			isa = XCBuildConfiguration;
			buildSettings = {
				ALWAYS_SEARCH_USER_PATHS = NO;
				CLANG_ANALYZER_NONNULL = YES;
				CLANG_ANALYZER_NUMBER_OBJECT_CONVERSION = YES_AGGRESSIVE;
				CLANG_CXX_LANGUAGE_STANDARD = "gnu++14";
				CLANG_CXX_LIBRARY = "libc++";
				CLANG_ENABLE_MODULES = YES;
				CLANG_ENABLE_OBJC_ARC = YES;
				CLANG_ENABLE_OBJC_WEAK = YES;
				CLANG_WARN_BLOCK_CAPTURE_AUTORELEASING = YES;
				CLANG_WARN_BOOL_CONVERSION = YES;
				CLANG_WARN_COMMA = YES;
				CLANG_WARN_CONSTANT_CONVERSION = YES;
				CLANG_WARN_DEPRECATED_OBJC_IMPLEMENTATIONS = YES;
				CLANG_WARN_DIRECT_OBJC_ISA_USAGE = YES_ERROR;
				CLANG_WARN_DOCUMENTATION_COMMENTS = YES;
				CLANG_WARN_EMPTY_BODY = YES;
				CLANG_WARN_ENUM_CONVERSION = YES;
				CLANG_WARN_INFINITE_RECURSION = YES;
				CLANG_WARN_INT_CONVERSION = YES;
				CLANG_WARN_NON_LITERAL_NULL_CONVERSION = YES;
				CLANG_WARN_OBJC_IMPLICIT_RETAIN_SELF = YES;
				CLANG_WARN_OBJC_LITERAL_CONVERSION = YES;
				CLANG_WARN_OBJC_ROOT_CLASS = YES_ERROR;
				CLANG_WARN_RANGE_LOOP_ANALYSIS = YES;
				CLANG_WARN_STRICT_PROTOTYPES = YES;
				CLANG_WARN_SUSPICIOUS_MOVE = YES;
				CLANG_WARN_UNGUARDED_AVAILABILITY = YES_AGGRESSIVE;
				CLANG_WARN_UNREACHABLE_CODE = YES;
				CLANG_WARN__DUPLICATE_METHOD_MATCH = YES;
				CODE_SIGN_IDENTITY = "iPhone Developer";
				COPY_PHASE_STRIP = NO;
				DEBUG_INFORMATION_FORMAT = "dwarf-with-dsym";
				ENABLE_NS_ASSERTIONS = NO;
				ENABLE_STRICT_OBJC_MSGSEND = YES;
				GCC_C_LANGUAGE_STANDARD = gnu11;
				GCC_NO_COMMON_BLOCKS = YES;
				GCC_WARN_64_TO_32_BIT_CONVERSION = YES;
				GCC_WARN_ABOUT_RETURN_TYPE = YES_ERROR;
				GCC_WARN_UNDECLARED_SELECTOR = YES;
				GCC_WARN_UNINITIALIZED_AUTOS = YES_AGGRESSIVE;
				GCC_WARN_UNUSED_FUNCTION = YES;
				GCC_WARN_UNUSED_VARIABLE = YES;
				IPHONEOS_DEPLOYMENT_TARGET = 12.1;
				MTL_ENABLE_DEBUG_INFO = NO;
				MTL_FAST_MATH = YES;
				SDKROOT = iphoneos;
				SWIFT_COMPILATION_MODE = wholemodule;
				SWIFT_OPTIMIZATION_LEVEL = "-O";
				VALIDATE_PRODUCT = YES;
			};
			name = Release;
		};
		F645E04E22CC940200AA3F70 /* Debug */ = {
			isa = XCBuildConfiguration;
			baseConfigurationReference = D380CC9B6DEDD24EF7AD57D1 /* Pods-loginDemo.debug.xcconfig */;
			buildSettings = {
				ASSETCATALOG_COMPILER_APPICON_NAME = AppIcon;
				CODE_SIGN_STYLE = Automatic;
				INFOPLIST_FILE = loginDemo/Info.plist;
				LD_RUNPATH_SEARCH_PATHS = (
					"$(inherited)",
					"@executable_path/Frameworks",
				);
				PRODUCT_BUNDLE_IDENTIFIER = navigation.loginDemo;
				PRODUCT_NAME = "$(TARGET_NAME)";
				SWIFT_VERSION = 4.2;
				TARGETED_DEVICE_FAMILY = "1,2";
			};
			name = Debug;
		};
		F645E04F22CC940200AA3F70 /* Release */ = {
			isa = XCBuildConfiguration;
			baseConfigurationReference = 342D797691DEF5B6B5A3B314 /* Pods-loginDemo.release.xcconfig */;
			buildSettings = {
				ASSETCATALOG_COMPILER_APPICON_NAME = AppIcon;
				CODE_SIGN_STYLE = Automatic;
				INFOPLIST_FILE = loginDemo/Info.plist;
				LD_RUNPATH_SEARCH_PATHS = (
					"$(inherited)",
					"@executable_path/Frameworks",
				);
				PRODUCT_BUNDLE_IDENTIFIER = navigation.loginDemo;
				PRODUCT_NAME = "$(TARGET_NAME)";
				SWIFT_VERSION = 4.2;
				TARGETED_DEVICE_FAMILY = "1,2";
			};
			name = Release;
		};
/* End XCBuildConfiguration section */

/* Begin XCConfigurationList section */
		F645E03622CC940100AA3F70 /* Build configuration list for PBXProject "loginDemo" */ = {
			isa = XCConfigurationList;
			buildConfigurations = (
				F645E04B22CC940200AA3F70 /* Debug */,
				F645E04C22CC940200AA3F70 /* Release */,
			);
			defaultConfigurationIsVisible = 0;
			defaultConfigurationName = Release;
		};
		F645E04D22CC940200AA3F70 /* Build configuration list for PBXNativeTarget "loginDemo" */ = {
			isa = XCConfigurationList;
			buildConfigurations = (
				F645E04E22CC940200AA3F70 /* Debug */,
				F645E04F22CC940200AA3F70 /* Release */,
			);
			defaultConfigurationIsVisible = 0;
			defaultConfigurationName = Release;
		};
/* End XCConfigurationList section */
	};
	rootObject = F645E03322CC940100AA3F70 /* Project object */;
}
